{
  "version": 2,
  "dependencies": {
    "net9.0": {
      "thelsmarchive.infrastructure": {
        "type": "Project",
        "dependencies": {
          "TheLsmArchive.Migrations": "[1.0.0, )"
        }
      },
      "thelsmarchive.migrations": {
        "type": "Project"
      },
      "thelsmarchive.models": {
        "type": "Project"
      }
    }
  }
}